
Microsoft Visual Studio Solution File, Format Version 12.00
# Visual Studio Version 17
VisualStudioVersion = 17.13.35818.85
MinimumVisualStudioVersion = 10.0.40219.1
Project("{FAE04EC0-301F-11D3-BF4B-00C04F79EFBC}") = "presentacion", "presentacion\presentacion.csproj", "{E5905732-213F-4533-8198-039754508152}"
EndProject
Project("{FAE04EC0-301F-11D3-BF4B-00C04F79EFBC}") = "dominio", "dominio\dominio.csproj", "{5F1BEBB1-6D17-467E-A2E6-17CB1D154D7F}"
EndProject
Project("{FAE04EC0-301F-11D3-BF4B-00C04F79EFBC}") = "negocio", "negocio\negocio.csproj", "{CAF12E84-AD96-4A4F-865F-5D0CF94068CF}"
EndProject
Global
	GlobalSection(SolutionConfigurationPlatforms) = preSolution
		Debug|Any CPU = Debug|Any CPU
		Release|Any CPU = Release|Any CPU
	EndGlobalSection
	GlobalSection(ProjectConfigurationPlatforms) = postSolution
		{E5905732-213F-4533-8198-039754508152}.Debug|Any CPU.ActiveCfg = Debug|Any CPU
		{E5905732-213F-4533-8198-039754508152}.Debug|Any CPU.Build.0 = Debug|Any CPU
		{E5905732-213F-4533-8198-039754508152}.Release|Any CPU.ActiveCfg = Release|Any CPU
		{E5905732-213F-4533-8198-039754508152}.Release|Any CPU.Build.0 = Release|Any CPU
		{5F1BEBB1-6D17-467E-A2E6-17CB1D154D7F}.Debug|Any CPU.ActiveCfg = Debug|Any CPU
		{5F1BEBB1-6D17-467E-A2E6-17CB1D154D7F}.Debug|Any CPU.Build.0 = Debug|Any CPU
		{5F1BEBB1-6D17-467E-A2E6-17CB1D154D7F}.Release|Any CPU.ActiveCfg = Release|Any CPU
		{5F1BEBB1-6D17-467E-A2E6-17CB1D154D7F}.Release|Any CPU.Build.0 = Release|Any CPU
		{CAF12E84-AD96-4A4F-865F-5D0CF94068CF}.Debug|Any CPU.ActiveCfg = Debug|Any CPU
		{CAF12E84-AD96-4A4F-865F-5D0CF94068CF}.Debug|Any CPU.Build.0 = Debug|Any CPU
		{CAF12E84-AD96-4A4F-865F-5D0CF94068CF}.Release|Any CPU.ActiveCfg = Release|Any CPU
		{CAF12E84-AD96-4A4F-865F-5D0CF94068CF}.Release|Any CPU.Build.0 = Release|Any CPU
	EndGlobalSection
	GlobalSection(SolutionProperties) = preSolution
		HideSolutionNode = FALSE
	EndGlobalSection
	GlobalSection(ExtensibilityGlobals) = postSolution
		SolutionGuid = {B369EC41-5E5C-4902-BF74-7B7B4148823D}
	EndGlobalSection
EndGlobal
